
Microsoft Visual Studio Solution File, Format Version 12.00
# Visual Studio Version 17
VisualStudioVersion = 17.9.34714.143
MinimumVisualStudioVersion = 10.0.40219.1
Project("{FAE04EC0-301F-11D3-BF4B-00C04F79EFBC}") = "LojaDeProdutos", "LojaDeProdutos\LojaDeProdutos.csproj", "{C04C2F6D-B0A3-4342-AFEA-AEE3C6BDB1A2}"
EndProject
Global
	GlobalSection(SolutionConfigurationPlatforms) = preSolution
		Debug|Any CPU = Debug|Any CPU
		Release|Any CPU = Release|Any CPU
	EndGlobalSection
	GlobalSection(ProjectConfigurationPlatforms) = postSolution
		{C04C2F6D-B0A3-4342-AFEA-AEE3C6BDB1A2}.Debug|Any CPU.ActiveCfg = Debug|Any CPU
		{C04C2F6D-B0A3-4342-AFEA-AEE3C6BDB1A2}.Debug|Any CPU.Build.0 = Debug|Any CPU
		{C04C2F6D-B0A3-4342-AFEA-AEE3C6BDB1A2}.Release|Any CPU.ActiveCfg = Release|Any CPU
		{C04C2F6D-B0A3-4342-AFEA-AEE3C6BDB1A2}.Release|Any CPU.Build.0 = Release|Any CPU
	EndGlobalSection
	GlobalSection(SolutionProperties) = preSolution
		HideSolutionNode = FALSE
	EndGlobalSection
	GlobalSection(ExtensibilityGlobals) = postSolution
		SolutionGuid = {78A6A4CC-5975-4DD4-9A77-796D8D7F7552}
	EndGlobalSection
EndGlobal
